
Microsoft Visual Studio Solution File, Format Version 12.00
# Visual Studio Version 17
VisualStudioVersion = 17.10.35027.167
MinimumVisualStudioVersion = 10.0.40219.1
Project("{9A19103F-16F7-4668-BE54-9A1E7A4F7556}") = "GOWI.AIArticleGenerator.DataAccessLayer", "GOWI.AIArticleGenerator.DataAccessLayer\GOWI.AIArticleGenerator.DataAccessLayer.csproj", "{E3B5FF6A-9865-428E-BBAE-B78893840D1B}"
EndProject
Project("{9A19103F-16F7-4668-BE54-9A1E7A4F7556}") = "GOWI.AIArticleGenerator.BackgroundTask", "GOWI.AIArticleGenerator.BackgroundTask\GOWI.AIArticleGenerator.BackgroundTask.csproj", "{3DF1D7D1-3BD1-4FF4-9E11-AB043160F697}"
EndProject
Project("{9A19103F-16F7-4668-BE54-9A1E7A4F7556}") = "GOWI.AIArticleGenerator.BusinessLogicLayer", "GOWI.AIArticleGenerator.BusinessLogicLayer\GOWI.AIArticleGenerator.BusinessLogicLayer.csproj", "{CE29FE9F-9AD8-404B-8891-F3EAFF369429}"
EndProject
Project("{9A19103F-16F7-4668-BE54-9A1E7A4F7556}") = "GOWI.AIArticleGenerator.ServiceLayer", "GOWI.AIArticleGenerator.ServiceLayer\GOWI.AIArticleGenerator.ServiceLayer.csproj", "{823594DC-FEE2-4758-9E42-01D931D94FF8}"
EndProject
Project("{FAE04EC0-301F-11D3-BF4B-00C04F79EFBC}") = "GOWI.AIArticleGenerator.DomainLayer", "GOWI.AIArticleGenerator.DomainLayer\GOWI.AIArticleGenerator.DomainLayer.csproj", "{06167D80-6EFB-4E90-86B1-E349356073FD}"
EndProject
Global
	GlobalSection(SolutionConfigurationPlatforms) = preSolution
		Debug|Any CPU = Debug|Any CPU
		Release|Any CPU = Release|Any CPU
	EndGlobalSection
	GlobalSection(ProjectConfigurationPlatforms) = postSolution
		{E3B5FF6A-9865-428E-BBAE-B78893840D1B}.Debug|Any CPU.ActiveCfg = Debug|Any CPU
		{E3B5FF6A-9865-428E-BBAE-B78893840D1B}.Debug|Any CPU.Build.0 = Debug|Any CPU
		{E3B5FF6A-9865-428E-BBAE-B78893840D1B}.Release|Any CPU.ActiveCfg = Release|Any CPU
		{E3B5FF6A-9865-428E-BBAE-B78893840D1B}.Release|Any CPU.Build.0 = Release|Any CPU
		{3DF1D7D1-3BD1-4FF4-9E11-AB043160F697}.Debug|Any CPU.ActiveCfg = Debug|Any CPU
		{3DF1D7D1-3BD1-4FF4-9E11-AB043160F697}.Debug|Any CPU.Build.0 = Debug|Any CPU
		{3DF1D7D1-3BD1-4FF4-9E11-AB043160F697}.Release|Any CPU.ActiveCfg = Release|Any CPU
		{3DF1D7D1-3BD1-4FF4-9E11-AB043160F697}.Release|Any CPU.Build.0 = Release|Any CPU
		{CE29FE9F-9AD8-404B-8891-F3EAFF369429}.Debug|Any CPU.ActiveCfg = Debug|Any CPU
		{CE29FE9F-9AD8-404B-8891-F3EAFF369429}.Debug|Any CPU.Build.0 = Debug|Any CPU
		{CE29FE9F-9AD8-404B-8891-F3EAFF369429}.Release|Any CPU.ActiveCfg = Release|Any CPU
		{CE29FE9F-9AD8-404B-8891-F3EAFF369429}.Release|Any CPU.Build.0 = Release|Any CPU
		{823594DC-FEE2-4758-9E42-01D931D94FF8}.Debug|Any CPU.ActiveCfg = Debug|Any CPU
		{823594DC-FEE2-4758-9E42-01D931D94FF8}.Debug|Any CPU.Build.0 = Debug|Any CPU
		{823594DC-FEE2-4758-9E42-01D931D94FF8}.Release|Any CPU.ActiveCfg = Release|Any CPU
		{823594DC-FEE2-4758-9E42-01D931D94FF8}.Release|Any CPU.Build.0 = Release|Any CPU
		{06167D80-6EFB-4E90-86B1-E349356073FD}.Debug|Any CPU.ActiveCfg = Debug|Any CPU
		{06167D80-6EFB-4E90-86B1-E349356073FD}.Debug|Any CPU.Build.0 = Debug|Any CPU
		{06167D80-6EFB-4E90-86B1-E349356073FD}.Release|Any CPU.ActiveCfg = Release|Any CPU
		{06167D80-6EFB-4E90-86B1-E349356073FD}.Release|Any CPU.Build.0 = Release|Any CPU
	EndGlobalSection
	GlobalSection(SolutionProperties) = preSolution
		HideSolutionNode = FALSE
	EndGlobalSection
	GlobalSection(ExtensibilityGlobals) = postSolution
		SolutionGuid = {20C1C233-3592-4F09-9FE5-874128780D30}
	EndGlobalSection
EndGlobal
